{"1.1.0",
[{<<"cowboy">>,
  {git,"https://github.com/extend/cowboy",
       {ref,"90ae31998e8d0887b9efe4b441136ac047708bb9"}},
  1},
 {<<"cowlib">>,
  {git,"https://github.com/ninenines/cowlib.git",
       {ref,"14e597baa42a436469f99661ed7994685e269dc2"}},
  1},
 {<<"enotify">>,{pkg,<<"enotify">>,<<"0.1.0">>},2},
 {<<"eper">>,{pkg,<<"eper">>,<<"0.94.0">>},2},
 {<<"goldrush">>,{pkg,<<"goldrush">>,<<"0.1.9">>},3},
 {<<"gun">>,
  {git,"https://github.com/ninenines/gun.git",
       {ref,"427230d6f94f5b8a396fd504a73d73d1d65ab0a7"}},
  1},
 {<<"jiffy">>,{pkg,<<"jiffy">>,<<"0.14.11">>},2},
 {<<"jsx">>,{pkg,<<"jsx">>,<<"2.8.2">>},2},
 {<<"lager">>,{pkg,<<"lager">>,<<"3.2.4">>},2},
 {<<"meck">>,{pkg,<<"meck">>,<<"0.8.8">>},2},
 {<<"mimerl">>,{pkg,<<"mimerl">>,<<"1.1.0">>},2},
 {<<"nklib">>,
  {git,"https://github.com/netcomposer/nklib.git",
       {ref,"19587731167ccd62aa9d883a04201673ddee7fb3"}},
  1},
 {<<"nkpacket">>,
  {git,"http://github.com/NetComposer/nkpacket",
       {ref,"943de9c141c6ce9d18618379765215db1efe96e3"}},
  0},
 {<<"ranch">>,
  {git,"https://github.com/ninenines/ranch.git",
       {ref,"741bfb73ca663394ecf7a73410506d66f01985a6"}},
  1},
 {<<"recon">>,{pkg,<<"recon">>,<<"2.3.2">>},2}]}.
[
{pkg_hash,[
 {<<"enotify">>, <<"F6BF33AA7BC4789D953087E48C6ADBC6D9682B6D67E4BC353C2FDB96C5AC5595">>},
 {<<"eper">>, <<"F5FB2DAA0DF8878748E1C598428EDA942A173E5121FF35C1D632129B84593A3A">>},
 {<<"goldrush">>, <<"F06E5D5F1277DA5C413E84D5A2924174182FB108DABB39D5EC548B27424CD106">>},
 {<<"jiffy">>, <<"919A87D491C5A6B5E3BBC27FAFEDC3A0761CA0B4C405394F121F582FD4E3F0E5">>},
 {<<"jsx">>, <<"7ACC7D785B5ABE8A6E9ADBDE926A24E481F29956DD8B4DF49E3E4E7BCC92A018">>},
 {<<"lager">>, <<"A6DEB74DAE7927F46BD13255268308EF03EB206EC784A94EAF7C1C0F3B811615">>},
 {<<"meck">>, <<"EEB3EFE811D4346E1A7F65B2738ABC2AD73CBE1A2C91B5DD909BAC2EA0414FA6">>},
 {<<"mimerl">>, <<"5640F2E988056D5E77BF5C8500D306D15749E29518F342DB02E42DAC5D232486">>},
 {<<"recon">>, <<"4444C879BE323B1B133EEC5241CB84BD3821EA194C740D75617E106BE4744318">>}]}
].
